{
  "object": {
    "pins": [
      {
        "package": "SwiftyBytes",
        "repositoryURL": "https://github.com/Xenoxiluna/SwiftyBytes.git",
        "state": {
          "branch": null,
          "revision": "e3959117fb8929f7f77ce967e743595906b1f110",
          "version": "0.2.0"
        }
      }
    ]
  },
  "version": 1
}
